
Microsoft Visual Studio Solution File, Format Version 12.00
# Visual Studio Version 17
VisualStudioVersion = 17.7.34003.232
MinimumVisualStudioVersion = 10.0.40219.1
Project("{9A19103F-16F7-4668-BE54-9A1E7A4F7556}") = "ClubMembershipApplication", "ClubMembershipApplication\ClubMembershipApplication.csproj", "{99031AFB-EB72-4887-8056-61BB4D70CFEA}"
EndProject
Project("{9A19103F-16F7-4668-BE54-9A1E7A4F7556}") = "FieldValidatorAPI", "FieldValidatorAPI\FieldValidatorAPI.csproj", "{69DD9833-24C2-4C43-94AD-0BA87EE3C1EC}"
EndProject
Project("{9A19103F-16F7-4668-BE54-9A1E7A4F7556}") = "DelegateVarianceApplication", "DelegateVarianceApplication\DelegateVarianceApplication.csproj", "{84BC1953-685C-4E1C-8042-8549BC0D3BD7}"
EndProject
Project("{9A19103F-16F7-4668-BE54-9A1E7A4F7556}") = "GenericDelegatesApplication", "GenericDelegatesApplication\GenericDelegatesApplication.csproj", "{0759D0B7-79D5-4DE5-9144-6743B7A60B5D}"
EndProject
Project("{9A19103F-16F7-4668-BE54-9A1E7A4F7556}") = "AsyncCallbackDelegateApplication", "AsyncCallbackDelegateApplication\AsyncCallbackDelegateApplication.csproj", "{145880A6-DEB4-4D5D-9773-2CFE51E12E62}"
EndProject
Project("{9A19103F-16F7-4668-BE54-9A1E7A4F7556}") = "ThresholdReachedEventApplication", "ThresholdReachedEventApplication\ThresholdReachedEventApplication.csproj", "{D0651AFD-053F-425D-AD17-6BC0823DC5DA}"
EndProject
Project("{9A19103F-16F7-4668-BE54-9A1E7A4F7556}") = "ThermostatEventsApplication", "ThermostatEventsApplication\ThermostatEventsApplication.csproj", "{410E4A63-098F-49CB-866B-F46848330169}"
EndProject
Project("{FAE04EC0-301F-11D3-BF4B-00C04F79EFBC}") = "EmployeeUWPApplication", "EmployeeUWPApplication\EmployeeUWPApplication.csproj", "{FCAD32DD-3861-4115-8005-7B9F8021E3AC}"
EndProject
Project("{FAE04EC0-301F-11D3-BF4B-00C04F79EFBC}") = "EmployeeComponent", "EmployeeComponent\EmployeeComponent.csproj", "{29DCC960-0C22-4147-978A-EB437493ECA7}"
EndProject
Project("{9A19103F-16F7-4668-BE54-9A1E7A4F7556}") = "BuildingSurvaillanceSystemApplication", "BuildingSurvaillanceSystemApplication\BuildingSurvaillanceSystemApplication.csproj", "{51AEBDFC-F845-4D6C-8C6E-A27555AE3C19}"
EndProject
Project("{9A19103F-16F7-4668-BE54-9A1E7A4F7556}") = "GenericsBasics", "GenericsBasics\GenericsBasics.csproj", "{C1461003-C578-4F40-B320-CC14A5DEB83C}"
EndProject
Project("{9A19103F-16F7-4668-BE54-9A1E7A4F7556}") = "GenericBubbleSortApplication", "GenericBubbleSortApplication\GenericBubbleSortApplication.csproj", "{2DE81240-E195-4DF1-A367-FA2C318A0AEA}"
EndProject
Project("{FAE04EC0-301F-11D3-BF4B-00C04F79EFBC}") = "HardwareWarehouseManagementSystem", "HardwareWarehouseManagementSystem\HardwareWarehouseManagementSystem.csproj", "{300B5765-C624-4CF6-87D4-90B2E450D853}"
EndProject
Project("{FAE04EC0-301F-11D3-BF4B-00C04F79EFBC}") = "WarehouseManagementSystemAPI", "WarehouseManagementSystemAPI\WarehouseManagementSystemAPI.csproj", "{3432E9B7-8509-408E-80C2-A437AD9A9270}"
EndProject
Global
	GlobalSection(SolutionConfigurationPlatforms) = preSolution
		Debug|Any CPU = Debug|Any CPU
		Debug|ARM = Debug|ARM
		Debug|ARM64 = Debug|ARM64
		Debug|x64 = Debug|x64
		Debug|x86 = Debug|x86
		Release|Any CPU = Release|Any CPU
		Release|ARM = Release|ARM
		Release|ARM64 = Release|ARM64
		Release|x64 = Release|x64
		Release|x86 = Release|x86
	EndGlobalSection
	GlobalSection(ProjectConfigurationPlatforms) = postSolution
		{99031AFB-EB72-4887-8056-61BB4D70CFEA}.Debug|Any CPU.ActiveCfg = Debug|Any CPU
		{99031AFB-EB72-4887-8056-61BB4D70CFEA}.Debug|Any CPU.Build.0 = Debug|Any CPU
		{99031AFB-EB72-4887-8056-61BB4D70CFEA}.Debug|ARM.ActiveCfg = Debug|Any CPU
		{99031AFB-EB72-4887-8056-61BB4D70CFEA}.Debug|ARM.Build.0 = Debug|Any CPU
		{99031AFB-EB72-4887-8056-61BB4D70CFEA}.Debug|ARM64.ActiveCfg = Debug|Any CPU
		{99031AFB-EB72-4887-8056-61BB4D70CFEA}.Debug|ARM64.Build.0 = Debug|Any CPU
		{99031AFB-EB72-4887-8056-61BB4D70CFEA}.Debug|x64.ActiveCfg = Debug|Any CPU
		{99031AFB-EB72-4887-8056-61BB4D70CFEA}.Debug|x64.Build.0 = Debug|Any CPU
		{99031AFB-EB72-4887-8056-61BB4D70CFEA}.Debug|x86.ActiveCfg = Debug|Any CPU
		{99031AFB-EB72-4887-8056-61BB4D70CFEA}.Debug|x86.Build.0 = Debug|Any CPU
		{99031AFB-EB72-4887-8056-61BB4D70CFEA}.Release|Any CPU.ActiveCfg = Release|Any CPU
		{99031AFB-EB72-4887-8056-61BB4D70CFEA}.Release|Any CPU.Build.0 = Release|Any CPU
		{99031AFB-EB72-4887-8056-61BB4D70CFEA}.Release|ARM.ActiveCfg = Release|Any CPU
		{99031AFB-EB72-4887-8056-61BB4D70CFEA}.Release|ARM.Build.0 = Release|Any CPU
		{99031AFB-EB72-4887-8056-61BB4D70CFEA}.Release|ARM64.ActiveCfg = Release|Any CPU
		{99031AFB-EB72-4887-8056-61BB4D70CFEA}.Release|ARM64.Build.0 = Release|Any CPU
		{99031AFB-EB72-4887-8056-61BB4D70CFEA}.Release|x64.ActiveCfg = Release|Any CPU
		{99031AFB-EB72-4887-8056-61BB4D70CFEA}.Release|x64.Build.0 = Release|Any CPU
		{99031AFB-EB72-4887-8056-61BB4D70CFEA}.Release|x86.ActiveCfg = Release|Any CPU
		{99031AFB-EB72-4887-8056-61BB4D70CFEA}.Release|x86.Build.0 = Release|Any CPU
		{69DD9833-24C2-4C43-94AD-0BA87EE3C1EC}.Debug|Any CPU.ActiveCfg = Debug|Any CPU
		{69DD9833-24C2-4C43-94AD-0BA87EE3C1EC}.Debug|Any CPU.Build.0 = Debug|Any CPU
		{69DD9833-24C2-4C43-94AD-0BA87EE3C1EC}.Debug|ARM.ActiveCfg = Debug|Any CPU
		{69DD9833-24C2-4C43-94AD-0BA87EE3C1EC}.Debug|ARM.Build.0 = Debug|Any CPU
		{69DD9833-24C2-4C43-94AD-0BA87EE3C1EC}.Debug|ARM64.ActiveCfg = Debug|Any CPU
		{69DD9833-24C2-4C43-94AD-0BA87EE3C1EC}.Debug|ARM64.Build.0 = Debug|Any CPU
		{69DD9833-24C2-4C43-94AD-0BA87EE3C1EC}.Debug|x64.ActiveCfg = Debug|Any CPU
		{69DD9833-24C2-4C43-94AD-0BA87EE3C1EC}.Debug|x64.Build.0 = Debug|Any CPU
		{69DD9833-24C2-4C43-94AD-0BA87EE3C1EC}.Debug|x86.ActiveCfg = Debug|Any CPU
		{69DD9833-24C2-4C43-94AD-0BA87EE3C1EC}.Debug|x86.Build.0 = Debug|Any CPU
		{69DD9833-24C2-4C43-94AD-0BA87EE3C1EC}.Release|Any CPU.ActiveCfg = Release|Any CPU
		{69DD9833-24C2-4C43-94AD-0BA87EE3C1EC}.Release|Any CPU.Build.0 = Release|Any CPU
		{69DD9833-24C2-4C43-94AD-0BA87EE3C1EC}.Release|ARM.ActiveCfg = Release|Any CPU
		{69DD9833-24C2-4C43-94AD-0BA87EE3C1EC}.Release|ARM.Build.0 = Release|Any CPU
		{69DD9833-24C2-4C43-94AD-0BA87EE3C1EC}.Release|ARM64.ActiveCfg = Release|Any CPU
		{69DD9833-24C2-4C43-94AD-0BA87EE3C1EC}.Release|ARM64.Build.0 = Release|Any CPU
		{69DD9833-24C2-4C43-94AD-0BA87EE3C1EC}.Release|x64.ActiveCfg = Release|Any CPU
		{69DD9833-24C2-4C43-94AD-0BA87EE3C1EC}.Release|x64.Build.0 = Release|Any CPU
		{69DD9833-24C2-4C43-94AD-0BA87EE3C1EC}.Release|x86.ActiveCfg = Release|Any CPU
		{69DD9833-24C2-4C43-94AD-0BA87EE3C1EC}.Release|x86.Build.0 = Release|Any CPU
		{84BC1953-685C-4E1C-8042-8549BC0D3BD7}.Debug|Any CPU.ActiveCfg = Debug|Any CPU
		{84BC1953-685C-4E1C-8042-8549BC0D3BD7}.Debug|Any CPU.Build.0 = Debug|Any CPU
		{84BC1953-685C-4E1C-8042-8549BC0D3BD7}.Debug|ARM.ActiveCfg = Debug|Any CPU
		{84BC1953-685C-4E1C-8042-8549BC0D3BD7}.Debug|ARM.Build.0 = Debug|Any CPU
		{84BC1953-685C-4E1C-8042-8549BC0D3BD7}.Debug|ARM64.ActiveCfg = Debug|Any CPU
		{84BC1953-685C-4E1C-8042-8549BC0D3BD7}.Debug|ARM64.Build.0 = Debug|Any CPU
		{84BC1953-685C-4E1C-8042-8549BC0D3BD7}.Debug|x64.ActiveCfg = Debug|Any CPU
		{84BC1953-685C-4E1C-8042-8549BC0D3BD7}.Debug|x64.Build.0 = Debug|Any CPU
		{84BC1953-685C-4E1C-8042-8549BC0D3BD7}.Debug|x86.ActiveCfg = Debug|Any CPU
		{84BC1953-685C-4E1C-8042-8549BC0D3BD7}.Debug|x86.Build.0 = Debug|Any CPU
		{84BC1953-685C-4E1C-8042-8549BC0D3BD7}.Release|Any CPU.ActiveCfg = Release|Any CPU
		{84BC1953-685C-4E1C-8042-8549BC0D3BD7}.Release|Any CPU.Build.0 = Release|Any CPU
		{84BC1953-685C-4E1C-8042-8549BC0D3BD7}.Release|ARM.ActiveCfg = Release|Any CPU
		{84BC1953-685C-4E1C-8042-8549BC0D3BD7}.Release|ARM.Build.0 = Release|Any CPU
		{84BC1953-685C-4E1C-8042-8549BC0D3BD7}.Release|ARM64.ActiveCfg = Release|Any CPU
		{84BC1953-685C-4E1C-8042-8549BC0D3BD7}.Release|ARM64.Build.0 = Release|Any CPU
		{84BC1953-685C-4E1C-8042-8549BC0D3BD7}.Release|x64.ActiveCfg = Release|Any CPU
		{84BC1953-685C-4E1C-8042-8549BC0D3BD7}.Release|x64.Build.0 = Release|Any CPU
		{84BC1953-685C-4E1C-8042-8549BC0D3BD7}.Release|x86.ActiveCfg = Release|Any CPU
		{84BC1953-685C-4E1C-8042-8549BC0D3BD7}.Release|x86.Build.0 = Release|Any CPU
		{0759D0B7-79D5-4DE5-9144-6743B7A60B5D}.Debug|Any CPU.ActiveCfg = Debug|Any CPU
		{0759D0B7-79D5-4DE5-9144-6743B7A60B5D}.Debug|Any CPU.Build.0 = Debug|Any CPU
		{0759D0B7-79D5-4DE5-9144-6743B7A60B5D}.Debug|ARM.ActiveCfg = Debug|Any CPU
		{0759D0B7-79D5-4DE5-9144-6743B7A60B5D}.Debug|ARM.Build.0 = Debug|Any CPU
		{0759D0B7-79D5-4DE5-9144-6743B7A60B5D}.Debug|ARM64.ActiveCfg = Debug|Any CPU
		{0759D0B7-79D5-4DE5-9144-6743B7A60B5D}.Debug|ARM64.Build.0 = Debug|Any CPU
		{0759D0B7-79D5-4DE5-9144-6743B7A60B5D}.Debug|x64.ActiveCfg = Debug|Any CPU
		{0759D0B7-79D5-4DE5-9144-6743B7A60B5D}.Debug|x64.Build.0 = Debug|Any CPU
		{0759D0B7-79D5-4DE5-9144-6743B7A60B5D}.Debug|x86.ActiveCfg = Debug|Any CPU
		{0759D0B7-79D5-4DE5-9144-6743B7A60B5D}.Debug|x86.Build.0 = Debug|Any CPU
		{0759D0B7-79D5-4DE5-9144-6743B7A60B5D}.Release|Any CPU.ActiveCfg = Release|Any CPU
		{0759D0B7-79D5-4DE5-9144-6743B7A60B5D}.Release|Any CPU.Build.0 = Release|Any CPU
		{0759D0B7-79D5-4DE5-9144-6743B7A60B5D}.Release|ARM.ActiveCfg = Release|Any CPU
		{0759D0B7-79D5-4DE5-9144-6743B7A60B5D}.Release|ARM.Build.0 = Release|Any CPU
		{0759D0B7-79D5-4DE5-9144-6743B7A60B5D}.Release|ARM64.ActiveCfg = Release|Any CPU
		{0759D0B7-79D5-4DE5-9144-6743B7A60B5D}.Release|ARM64.Build.0 = Release|Any CPU
		{0759D0B7-79D5-4DE5-9144-6743B7A60B5D}.Release|x64.ActiveCfg = Release|Any CPU
		{0759D0B7-79D5-4DE5-9144-6743B7A60B5D}.Release|x64.Build.0 = Release|Any CPU
		{0759D0B7-79D5-4DE5-9144-6743B7A60B5D}.Release|x86.ActiveCfg = Release|Any CPU
		{0759D0B7-79D5-4DE5-9144-6743B7A60B5D}.Release|x86.Build.0 = Release|Any CPU
		{145880A6-DEB4-4D5D-9773-2CFE51E12E62}.Debug|Any CPU.ActiveCfg = Debug|Any CPU
		{145880A6-DEB4-4D5D-9773-2CFE51E12E62}.Debug|Any CPU.Build.0 = Debug|Any CPU
		{145880A6-DEB4-4D5D-9773-2CFE51E12E62}.Debug|ARM.ActiveCfg = Debug|Any CPU
		{145880A6-DEB4-4D5D-9773-2CFE51E12E62}.Debug|ARM.Build.0 = Debug|Any CPU
		{145880A6-DEB4-4D5D-9773-2CFE51E12E62}.Debug|ARM64.ActiveCfg = Debug|Any CPU
		{145880A6-DEB4-4D5D-9773-2CFE51E12E62}.Debug|ARM64.Build.0 = Debug|Any CPU
		{145880A6-DEB4-4D5D-9773-2CFE51E12E62}.Debug|x64.ActiveCfg = Debug|Any CPU
		{145880A6-DEB4-4D5D-9773-2CFE51E12E62}.Debug|x64.Build.0 = Debug|Any CPU
		{145880A6-DEB4-4D5D-9773-2CFE51E12E62}.Debug|x86.ActiveCfg = Debug|Any CPU
		{145880A6-DEB4-4D5D-9773-2CFE51E12E62}.Debug|x86.Build.0 = Debug|Any CPU
		{145880A6-DEB4-4D5D-9773-2CFE51E12E62}.Release|Any CPU.ActiveCfg = Release|Any CPU
		{145880A6-DEB4-4D5D-9773-2CFE51E12E62}.Release|Any CPU.Build.0 = Release|Any CPU
		{145880A6-DEB4-4D5D-9773-2CFE51E12E62}.Release|ARM.ActiveCfg = Release|Any CPU
		{145880A6-DEB4-4D5D-9773-2CFE51E12E62}.Release|ARM.Build.0 = Release|Any CPU
		{145880A6-DEB4-4D5D-9773-2CFE51E12E62}.Release|ARM64.ActiveCfg = Release|Any CPU
		{145880A6-DEB4-4D5D-9773-2CFE51E12E62}.Release|ARM64.Build.0 = Release|Any CPU
		{145880A6-DEB4-4D5D-9773-2CFE51E12E62}.Release|x64.ActiveCfg = Release|Any CPU
		{145880A6-DEB4-4D5D-9773-2CFE51E12E62}.Release|x64.Build.0 = Release|Any CPU
		{145880A6-DEB4-4D5D-9773-2CFE51E12E62}.Release|x86.ActiveCfg = Release|Any CPU
		{145880A6-DEB4-4D5D-9773-2CFE51E12E62}.Release|x86.Build.0 = Release|Any CPU
		{D0651AFD-053F-425D-AD17-6BC0823DC5DA}.Debug|Any CPU.ActiveCfg = Debug|Any CPU
		{D0651AFD-053F-425D-AD17-6BC0823DC5DA}.Debug|Any CPU.Build.0 = Debug|Any CPU
		{D0651AFD-053F-425D-AD17-6BC0823DC5DA}.Debug|ARM.ActiveCfg = Debug|Any CPU
		{D0651AFD-053F-425D-AD17-6BC0823DC5DA}.Debug|ARM.Build.0 = Debug|Any CPU
		{D0651AFD-053F-425D-AD17-6BC0823DC5DA}.Debug|ARM64.ActiveCfg = Debug|Any CPU
		{D0651AFD-053F-425D-AD17-6BC0823DC5DA}.Debug|ARM64.Build.0 = Debug|Any CPU
		{D0651AFD-053F-425D-AD17-6BC0823DC5DA}.Debug|x64.ActiveCfg = Debug|Any CPU
		{D0651AFD-053F-425D-AD17-6BC0823DC5DA}.Debug|x64.Build.0 = Debug|Any CPU
		{D0651AFD-053F-425D-AD17-6BC0823DC5DA}.Debug|x86.ActiveCfg = Debug|Any CPU
		{D0651AFD-053F-425D-AD17-6BC0823DC5DA}.Debug|x86.Build.0 = Debug|Any CPU
		{D0651AFD-053F-425D-AD17-6BC0823DC5DA}.Release|Any CPU.ActiveCfg = Release|Any CPU
		{D0651AFD-053F-425D-AD17-6BC0823DC5DA}.Release|Any CPU.Build.0 = Release|Any CPU
		{D0651AFD-053F-425D-AD17-6BC0823DC5DA}.Release|ARM.ActiveCfg = Release|Any CPU
		{D0651AFD-053F-425D-AD17-6BC0823DC5DA}.Release|ARM.Build.0 = Release|Any CPU
		{D0651AFD-053F-425D-AD17-6BC0823DC5DA}.Release|ARM64.ActiveCfg = Release|Any CPU
		{D0651AFD-053F-425D-AD17-6BC0823DC5DA}.Release|ARM64.Build.0 = Release|Any CPU
		{D0651AFD-053F-425D-AD17-6BC0823DC5DA}.Release|x64.ActiveCfg = Release|Any CPU
		{D0651AFD-053F-425D-AD17-6BC0823DC5DA}.Release|x64.Build.0 = Release|Any CPU
		{D0651AFD-053F-425D-AD17-6BC0823DC5DA}.Release|x86.ActiveCfg = Release|Any CPU
		{D0651AFD-053F-425D-AD17-6BC0823DC5DA}.Release|x86.Build.0 = Release|Any CPU
		{410E4A63-098F-49CB-866B-F46848330169}.Debug|Any CPU.ActiveCfg = Debug|Any CPU
		{410E4A63-098F-49CB-866B-F46848330169}.Debug|Any CPU.Build.0 = Debug|Any CPU
		{410E4A63-098F-49CB-866B-F46848330169}.Debug|ARM.ActiveCfg = Debug|Any CPU
		{410E4A63-098F-49CB-866B-F46848330169}.Debug|ARM.Build.0 = Debug|Any CPU
		{410E4A63-098F-49CB-866B-F46848330169}.Debug|ARM64.ActiveCfg = Debug|Any CPU
		{410E4A63-098F-49CB-866B-F46848330169}.Debug|ARM64.Build.0 = Debug|Any CPU
		{410E4A63-098F-49CB-866B-F46848330169}.Debug|x64.ActiveCfg = Debug|Any CPU
		{410E4A63-098F-49CB-866B-F46848330169}.Debug|x64.Build.0 = Debug|Any CPU
		{410E4A63-098F-49CB-866B-F46848330169}.Debug|x86.ActiveCfg = Debug|Any CPU
		{410E4A63-098F-49CB-866B-F46848330169}.Debug|x86.Build.0 = Debug|Any CPU
		{410E4A63-098F-49CB-866B-F46848330169}.Release|Any CPU.ActiveCfg = Release|Any CPU
		{410E4A63-098F-49CB-866B-F46848330169}.Release|Any CPU.Build.0 = Release|Any CPU
		{410E4A63-098F-49CB-866B-F46848330169}.Release|ARM.ActiveCfg = Release|Any CPU
		{410E4A63-098F-49CB-866B-F46848330169}.Release|ARM.Build.0 = Release|Any CPU
		{410E4A63-098F-49CB-866B-F46848330169}.Release|ARM64.ActiveCfg = Release|Any CPU
		{410E4A63-098F-49CB-866B-F46848330169}.Release|ARM64.Build.0 = Release|Any CPU
		{410E4A63-098F-49CB-866B-F46848330169}.Release|x64.ActiveCfg = Release|Any CPU
		{410E4A63-098F-49CB-866B-F46848330169}.Release|x64.Build.0 = Release|Any CPU
		{410E4A63-098F-49CB-866B-F46848330169}.Release|x86.ActiveCfg = Release|Any CPU
		{410E4A63-098F-49CB-866B-F46848330169}.Release|x86.Build.0 = Release|Any CPU
		{FCAD32DD-3861-4115-8005-7B9F8021E3AC}.Debug|Any CPU.ActiveCfg = Debug|x64
		{FCAD32DD-3861-4115-8005-7B9F8021E3AC}.Debug|Any CPU.Build.0 = Debug|x64
		{FCAD32DD-3861-4115-8005-7B9F8021E3AC}.Debug|Any CPU.Deploy.0 = Debug|x64
		{FCAD32DD-3861-4115-8005-7B9F8021E3AC}.Debug|ARM.ActiveCfg = Debug|ARM
		{FCAD32DD-3861-4115-8005-7B9F8021E3AC}.Debug|ARM.Build.0 = Debug|ARM
		{FCAD32DD-3861-4115-8005-7B9F8021E3AC}.Debug|ARM.Deploy.0 = Debug|ARM
		{FCAD32DD-3861-4115-8005-7B9F8021E3AC}.Debug|ARM64.ActiveCfg = Debug|ARM64
		{FCAD32DD-3861-4115-8005-7B9F8021E3AC}.Debug|ARM64.Build.0 = Debug|ARM64
		{FCAD32DD-3861-4115-8005-7B9F8021E3AC}.Debug|ARM64.Deploy.0 = Debug|ARM64
		{FCAD32DD-3861-4115-8005-7B9F8021E3AC}.Debug|x64.ActiveCfg = Debug|x64
		{FCAD32DD-3861-4115-8005-7B9F8021E3AC}.Debug|x64.Build.0 = Debug|x64
		{FCAD32DD-3861-4115-8005-7B9F8021E3AC}.Debug|x64.Deploy.0 = Debug|x64
		{FCAD32DD-3861-4115-8005-7B9F8021E3AC}.Debug|x86.ActiveCfg = Debug|x86
		{FCAD32DD-3861-4115-8005-7B9F8021E3AC}.Debug|x86.Build.0 = Debug|x86
		{FCAD32DD-3861-4115-8005-7B9F8021E3AC}.Debug|x86.Deploy.0 = Debug|x86
		{FCAD32DD-3861-4115-8005-7B9F8021E3AC}.Release|Any CPU.ActiveCfg = Release|x64
		{FCAD32DD-3861-4115-8005-7B9F8021E3AC}.Release|Any CPU.Build.0 = Release|x64
		{FCAD32DD-3861-4115-8005-7B9F8021E3AC}.Release|Any CPU.Deploy.0 = Release|x64
		{FCAD32DD-3861-4115-8005-7B9F8021E3AC}.Release|ARM.ActiveCfg = Release|ARM
		{FCAD32DD-3861-4115-8005-7B9F8021E3AC}.Release|ARM.Build.0 = Release|ARM
		{FCAD32DD-3861-4115-8005-7B9F8021E3AC}.Release|ARM.Deploy.0 = Release|ARM
		{FCAD32DD-3861-4115-8005-7B9F8021E3AC}.Release|ARM64.ActiveCfg = Release|ARM64
		{FCAD32DD-3861-4115-8005-7B9F8021E3AC}.Release|ARM64.Build.0 = Release|ARM64
		{FCAD32DD-3861-4115-8005-7B9F8021E3AC}.Release|ARM64.Deploy.0 = Release|ARM64
		{FCAD32DD-3861-4115-8005-7B9F8021E3AC}.Release|x64.ActiveCfg = Release|x64
		{FCAD32DD-3861-4115-8005-7B9F8021E3AC}.Release|x64.Build.0 = Release|x64
		{FCAD32DD-3861-4115-8005-7B9F8021E3AC}.Release|x64.Deploy.0 = Release|x64
		{FCAD32DD-3861-4115-8005-7B9F8021E3AC}.Release|x86.ActiveCfg = Release|x86
		{FCAD32DD-3861-4115-8005-7B9F8021E3AC}.Release|x86.Build.0 = Release|x86
		{FCAD32DD-3861-4115-8005-7B9F8021E3AC}.Release|x86.Deploy.0 = Release|x86
		{29DCC960-0C22-4147-978A-EB437493ECA7}.Debug|Any CPU.ActiveCfg = Debug|Any CPU
		{29DCC960-0C22-4147-978A-EB437493ECA7}.Debug|Any CPU.Build.0 = Debug|Any CPU
		{29DCC960-0C22-4147-978A-EB437493ECA7}.Debug|ARM.ActiveCfg = Debug|ARM
		{29DCC960-0C22-4147-978A-EB437493ECA7}.Debug|ARM.Build.0 = Debug|ARM
		{29DCC960-0C22-4147-978A-EB437493ECA7}.Debug|ARM64.ActiveCfg = Debug|ARM64
		{29DCC960-0C22-4147-978A-EB437493ECA7}.Debug|ARM64.Build.0 = Debug|ARM64
		{29DCC960-0C22-4147-978A-EB437493ECA7}.Debug|x64.ActiveCfg = Debug|x64
		{29DCC960-0C22-4147-978A-EB437493ECA7}.Debug|x64.Build.0 = Debug|x64
		{29DCC960-0C22-4147-978A-EB437493ECA7}.Debug|x86.ActiveCfg = Debug|x86
		{29DCC960-0C22-4147-978A-EB437493ECA7}.Debug|x86.Build.0 = Debug|x86
		{29DCC960-0C22-4147-978A-EB437493ECA7}.Release|Any CPU.ActiveCfg = Release|Any CPU
		{29DCC960-0C22-4147-978A-EB437493ECA7}.Release|Any CPU.Build.0 = Release|Any CPU
		{29DCC960-0C22-4147-978A-EB437493ECA7}.Release|ARM.ActiveCfg = Release|ARM
		{29DCC960-0C22-4147-978A-EB437493ECA7}.Release|ARM.Build.0 = Release|ARM
		{29DCC960-0C22-4147-978A-EB437493ECA7}.Release|ARM64.ActiveCfg = Release|ARM64
		{29DCC960-0C22-4147-978A-EB437493ECA7}.Release|ARM64.Build.0 = Release|ARM64
		{29DCC960-0C22-4147-978A-EB437493ECA7}.Release|x64.ActiveCfg = Release|x64
		{29DCC960-0C22-4147-978A-EB437493ECA7}.Release|x64.Build.0 = Release|x64
		{29DCC960-0C22-4147-978A-EB437493ECA7}.Release|x86.ActiveCfg = Release|x86
		{29DCC960-0C22-4147-978A-EB437493ECA7}.Release|x86.Build.0 = Release|x86
		{51AEBDFC-F845-4D6C-8C6E-A27555AE3C19}.Debug|Any CPU.ActiveCfg = Debug|Any CPU
		{51AEBDFC-F845-4D6C-8C6E-A27555AE3C19}.Debug|Any CPU.Build.0 = Debug|Any CPU
		{51AEBDFC-F845-4D6C-8C6E-A27555AE3C19}.Debug|ARM.ActiveCfg = Debug|Any CPU
		{51AEBDFC-F845-4D6C-8C6E-A27555AE3C19}.Debug|ARM.Build.0 = Debug|Any CPU
		{51AEBDFC-F845-4D6C-8C6E-A27555AE3C19}.Debug|ARM64.ActiveCfg = Debug|Any CPU
		{51AEBDFC-F845-4D6C-8C6E-A27555AE3C19}.Debug|ARM64.Build.0 = Debug|Any CPU
		{51AEBDFC-F845-4D6C-8C6E-A27555AE3C19}.Debug|x64.ActiveCfg = Debug|Any CPU
		{51AEBDFC-F845-4D6C-8C6E-A27555AE3C19}.Debug|x64.Build.0 = Debug|Any CPU
		{51AEBDFC-F845-4D6C-8C6E-A27555AE3C19}.Debug|x86.ActiveCfg = Debug|Any CPU
		{51AEBDFC-F845-4D6C-8C6E-A27555AE3C19}.Debug|x86.Build.0 = Debug|Any CPU
		{51AEBDFC-F845-4D6C-8C6E-A27555AE3C19}.Release|Any CPU.ActiveCfg = Release|Any CPU
		{51AEBDFC-F845-4D6C-8C6E-A27555AE3C19}.Release|Any CPU.Build.0 = Release|Any CPU
		{51AEBDFC-F845-4D6C-8C6E-A27555AE3C19}.Release|ARM.ActiveCfg = Release|Any CPU
		{51AEBDFC-F845-4D6C-8C6E-A27555AE3C19}.Release|ARM.Build.0 = Release|Any CPU
		{51AEBDFC-F845-4D6C-8C6E-A27555AE3C19}.Release|ARM64.ActiveCfg = Release|Any CPU
		{51AEBDFC-F845-4D6C-8C6E-A27555AE3C19}.Release|ARM64.Build.0 = Release|Any CPU
		{51AEBDFC-F845-4D6C-8C6E-A27555AE3C19}.Release|x64.ActiveCfg = Release|Any CPU
		{51AEBDFC-F845-4D6C-8C6E-A27555AE3C19}.Release|x64.Build.0 = Release|Any CPU
		{51AEBDFC-F845-4D6C-8C6E-A27555AE3C19}.Release|x86.ActiveCfg = Release|Any CPU
		{51AEBDFC-F845-4D6C-8C6E-A27555AE3C19}.Release|x86.Build.0 = Release|Any CPU
		{C1461003-C578-4F40-B320-CC14A5DEB83C}.Debug|Any CPU.ActiveCfg = Debug|Any CPU
		{C1461003-C578-4F40-B320-CC14A5DEB83C}.Debug|Any CPU.Build.0 = Debug|Any CPU
		{C1461003-C578-4F40-B320-CC14A5DEB83C}.Debug|ARM.ActiveCfg = Debug|Any CPU
		{C1461003-C578-4F40-B320-CC14A5DEB83C}.Debug|ARM.Build.0 = Debug|Any CPU
		{C1461003-C578-4F40-B320-CC14A5DEB83C}.Debug|ARM64.ActiveCfg = Debug|Any CPU
		{C1461003-C578-4F40-B320-CC14A5DEB83C}.Debug|ARM64.Build.0 = Debug|Any CPU
		{C1461003-C578-4F40-B320-CC14A5DEB83C}.Debug|x64.ActiveCfg = Debug|Any CPU
		{C1461003-C578-4F40-B320-CC14A5DEB83C}.Debug|x64.Build.0 = Debug|Any CPU
		{C1461003-C578-4F40-B320-CC14A5DEB83C}.Debug|x86.ActiveCfg = Debug|Any CPU
		{C1461003-C578-4F40-B320-CC14A5DEB83C}.Debug|x86.Build.0 = Debug|Any CPU
		{C1461003-C578-4F40-B320-CC14A5DEB83C}.Release|Any CPU.ActiveCfg = Release|Any CPU
		{C1461003-C578-4F40-B320-CC14A5DEB83C}.Release|Any CPU.Build.0 = Release|Any CPU
		{C1461003-C578-4F40-B320-CC14A5DEB83C}.Release|ARM.ActiveCfg = Release|Any CPU
		{C1461003-C578-4F40-B320-CC14A5DEB83C}.Release|ARM.Build.0 = Release|Any CPU
		{C1461003-C578-4F40-B320-CC14A5DEB83C}.Release|ARM64.ActiveCfg = Release|Any CPU
		{C1461003-C578-4F40-B320-CC14A5DEB83C}.Release|ARM64.Build.0 = Release|Any CPU
		{C1461003-C578-4F40-B320-CC14A5DEB83C}.Release|x64.ActiveCfg = Release|Any CPU
		{C1461003-C578-4F40-B320-CC14A5DEB83C}.Release|x64.Build.0 = Release|Any CPU
		{C1461003-C578-4F40-B320-CC14A5DEB83C}.Release|x86.ActiveCfg = Release|Any CPU
		{C1461003-C578-4F40-B320-CC14A5DEB83C}.Release|x86.Build.0 = Release|Any CPU
		{2DE81240-E195-4DF1-A367-FA2C318A0AEA}.Debug|Any CPU.ActiveCfg = Debug|Any CPU
		{2DE81240-E195-4DF1-A367-FA2C318A0AEA}.Debug|Any CPU.Build.0 = Debug|Any CPU
		{2DE81240-E195-4DF1-A367-FA2C318A0AEA}.Debug|ARM.ActiveCfg = Debug|Any CPU
		{2DE81240-E195-4DF1-A367-FA2C318A0AEA}.Debug|ARM.Build.0 = Debug|Any CPU
		{2DE81240-E195-4DF1-A367-FA2C318A0AEA}.Debug|ARM64.ActiveCfg = Debug|Any CPU
		{2DE81240-E195-4DF1-A367-FA2C318A0AEA}.Debug|ARM64.Build.0 = Debug|Any CPU
		{2DE81240-E195-4DF1-A367-FA2C318A0AEA}.Debug|x64.ActiveCfg = Debug|Any CPU
		{2DE81240-E195-4DF1-A367-FA2C318A0AEA}.Debug|x64.Build.0 = Debug|Any CPU
		{2DE81240-E195-4DF1-A367-FA2C318A0AEA}.Debug|x86.ActiveCfg = Debug|Any CPU
		{2DE81240-E195-4DF1-A367-FA2C318A0AEA}.Debug|x86.Build.0 = Debug|Any CPU
		{2DE81240-E195-4DF1-A367-FA2C318A0AEA}.Release|Any CPU.ActiveCfg = Release|Any CPU
		{2DE81240-E195-4DF1-A367-FA2C318A0AEA}.Release|Any CPU.Build.0 = Release|Any CPU
		{2DE81240-E195-4DF1-A367-FA2C318A0AEA}.Release|ARM.ActiveCfg = Release|Any CPU
		{2DE81240-E195-4DF1-A367-FA2C318A0AEA}.Release|ARM.Build.0 = Release|Any CPU
		{2DE81240-E195-4DF1-A367-FA2C318A0AEA}.Release|ARM64.ActiveCfg = Release|Any CPU
		{2DE81240-E195-4DF1-A367-FA2C318A0AEA}.Release|ARM64.Build.0 = Release|Any CPU
		{2DE81240-E195-4DF1-A367-FA2C318A0AEA}.Release|x64.ActiveCfg = Release|Any CPU
		{2DE81240-E195-4DF1-A367-FA2C318A0AEA}.Release|x64.Build.0 = Release|Any CPU
		{2DE81240-E195-4DF1-A367-FA2C318A0AEA}.Release|x86.ActiveCfg = Release|Any CPU
		{2DE81240-E195-4DF1-A367-FA2C318A0AEA}.Release|x86.Build.0 = Release|Any CPU
		{300B5765-C624-4CF6-87D4-90B2E450D853}.Debug|Any CPU.ActiveCfg = Debug|Any CPU
		{300B5765-C624-4CF6-87D4-90B2E450D853}.Debug|Any CPU.Build.0 = Debug|Any CPU
		{300B5765-C624-4CF6-87D4-90B2E450D853}.Debug|ARM.ActiveCfg = Debug|Any CPU
		{300B5765-C624-4CF6-87D4-90B2E450D853}.Debug|ARM.Build.0 = Debug|Any CPU
		{300B5765-C624-4CF6-87D4-90B2E450D853}.Debug|ARM64.ActiveCfg = Debug|Any CPU
		{300B5765-C624-4CF6-87D4-90B2E450D853}.Debug|ARM64.Build.0 = Debug|Any CPU
		{300B5765-C624-4CF6-87D4-90B2E450D853}.Debug|x64.ActiveCfg = Debug|Any CPU
		{300B5765-C624-4CF6-87D4-90B2E450D853}.Debug|x64.Build.0 = Debug|Any CPU
		{300B5765-C624-4CF6-87D4-90B2E450D853}.Debug|x86.ActiveCfg = Debug|Any CPU
		{300B5765-C624-4CF6-87D4-90B2E450D853}.Debug|x86.Build.0 = Debug|Any CPU
		{300B5765-C624-4CF6-87D4-90B2E450D853}.Release|Any CPU.ActiveCfg = Release|Any CPU
		{300B5765-C624-4CF6-87D4-90B2E450D853}.Release|Any CPU.Build.0 = Release|Any CPU
		{300B5765-C624-4CF6-87D4-90B2E450D853}.Release|ARM.ActiveCfg = Release|Any CPU
		{300B5765-C624-4CF6-87D4-90B2E450D853}.Release|ARM.Build.0 = Release|Any CPU
		{300B5765-C624-4CF6-87D4-90B2E450D853}.Release|ARM64.ActiveCfg = Release|Any CPU
		{300B5765-C624-4CF6-87D4-90B2E450D853}.Release|ARM64.Build.0 = Release|Any CPU
		{300B5765-C624-4CF6-87D4-90B2E450D853}.Release|x64.ActiveCfg = Release|Any CPU
		{300B5765-C624-4CF6-87D4-90B2E450D853}.Release|x64.Build.0 = Release|Any CPU
		{300B5765-C624-4CF6-87D4-90B2E450D853}.Release|x86.ActiveCfg = Release|Any CPU
		{300B5765-C624-4CF6-87D4-90B2E450D853}.Release|x86.Build.0 = Release|Any CPU
		{3432E9B7-8509-408E-80C2-A437AD9A9270}.Debug|Any CPU.ActiveCfg = Debug|Any CPU
		{3432E9B7-8509-408E-80C2-A437AD9A9270}.Debug|Any CPU.Build.0 = Debug|Any CPU
		{3432E9B7-8509-408E-80C2-A437AD9A9270}.Debug|ARM.ActiveCfg = Debug|Any CPU
		{3432E9B7-8509-408E-80C2-A437AD9A9270}.Debug|ARM.Build.0 = Debug|Any CPU
		{3432E9B7-8509-408E-80C2-A437AD9A9270}.Debug|ARM64.ActiveCfg = Debug|Any CPU
		{3432E9B7-8509-408E-80C2-A437AD9A9270}.Debug|ARM64.Build.0 = Debug|Any CPU
		{3432E9B7-8509-408E-80C2-A437AD9A9270}.Debug|x64.ActiveCfg = Debug|Any CPU
		{3432E9B7-8509-408E-80C2-A437AD9A9270}.Debug|x64.Build.0 = Debug|Any CPU
		{3432E9B7-8509-408E-80C2-A437AD9A9270}.Debug|x86.ActiveCfg = Debug|Any CPU
		{3432E9B7-8509-408E-80C2-A437AD9A9270}.Debug|x86.Build.0 = Debug|Any CPU
		{3432E9B7-8509-408E-80C2-A437AD9A9270}.Release|Any CPU.ActiveCfg = Release|Any CPU
		{3432E9B7-8509-408E-80C2-A437AD9A9270}.Release|Any CPU.Build.0 = Release|Any CPU
		{3432E9B7-8509-408E-80C2-A437AD9A9270}.Release|ARM.ActiveCfg = Release|Any CPU
		{3432E9B7-8509-408E-80C2-A437AD9A9270}.Release|ARM.Build.0 = Release|Any CPU
		{3432E9B7-8509-408E-80C2-A437AD9A9270}.Release|ARM64.ActiveCfg = Release|Any CPU
		{3432E9B7-8509-408E-80C2-A437AD9A9270}.Release|ARM64.Build.0 = Release|Any CPU
		{3432E9B7-8509-408E-80C2-A437AD9A9270}.Release|x64.ActiveCfg = Release|Any CPU
		{3432E9B7-8509-408E-80C2-A437AD9A9270}.Release|x64.Build.0 = Release|Any CPU
		{3432E9B7-8509-408E-80C2-A437AD9A9270}.Release|x86.ActiveCfg = Release|Any CPU
		{3432E9B7-8509-408E-80C2-A437AD9A9270}.Release|x86.Build.0 = Release|Any CPU
	EndGlobalSection
	GlobalSection(SolutionProperties) = preSolution
		HideSolutionNode = FALSE
	EndGlobalSection
	GlobalSection(ExtensibilityGlobals) = postSolution
		SolutionGuid = {092C5BDC-0FEB-4F11-93DB-F139EECC1588}
	EndGlobalSection
EndGlobal
