
Microsoft Visual Studio Solution File, Format Version 12.00
# Visual Studio Version 17
VisualStudioVersion = 17.7.34003.232
MinimumVisualStudioVersion = 10.0.40219.1
Project("{9A19103F-16F7-4668-BE54-9A1E7A4F7556}") = "ClubMembershipApplication", "ClubMembershipApplication\ClubMembershipApplication.csproj", "{99031AFB-EB72-4887-8056-61BB4D70CFEA}"
EndProject
Project("{9A19103F-16F7-4668-BE54-9A1E7A4F7556}") = "FieldValidatorAPI", "FieldValidatorAPI\FieldValidatorAPI.csproj", "{69DD9833-24C2-4C43-94AD-0BA87EE3C1EC}"
EndProject
Project("{9A19103F-16F7-4668-BE54-9A1E7A4F7556}") = "DelegateVarianceApplication", "DelegateVarianceApplication\DelegateVarianceApplication.csproj", "{84BC1953-685C-4E1C-8042-8549BC0D3BD7}"
EndProject
Project("{FAE04EC0-301F-11D3-BF4B-00C04F79EFBC}") = "GenericDelegatesApplication", "GenericDelegatesApplication\GenericDelegatesApplication.csproj", "{0759D0B7-79D5-4DE5-9144-6743B7A60B5D}"
EndProject
Global
	GlobalSection(SolutionConfigurationPlatforms) = preSolution
		Debug|Any CPU = Debug|Any CPU
		Release|Any CPU = Release|Any CPU
	EndGlobalSection
	GlobalSection(ProjectConfigurationPlatforms) = postSolution
		{99031AFB-EB72-4887-8056-61BB4D70CFEA}.Debug|Any CPU.ActiveCfg = Debug|Any CPU
		{99031AFB-EB72-4887-8056-61BB4D70CFEA}.Debug|Any CPU.Build.0 = Debug|Any CPU
		{99031AFB-EB72-4887-8056-61BB4D70CFEA}.Release|Any CPU.ActiveCfg = Release|Any CPU
		{99031AFB-EB72-4887-8056-61BB4D70CFEA}.Release|Any CPU.Build.0 = Release|Any CPU
		{69DD9833-24C2-4C43-94AD-0BA87EE3C1EC}.Debug|Any CPU.ActiveCfg = Debug|Any CPU
		{69DD9833-24C2-4C43-94AD-0BA87EE3C1EC}.Debug|Any CPU.Build.0 = Debug|Any CPU
		{69DD9833-24C2-4C43-94AD-0BA87EE3C1EC}.Release|Any CPU.ActiveCfg = Release|Any CPU
		{69DD9833-24C2-4C43-94AD-0BA87EE3C1EC}.Release|Any CPU.Build.0 = Release|Any CPU
		{84BC1953-685C-4E1C-8042-8549BC0D3BD7}.Debug|Any CPU.ActiveCfg = Debug|Any CPU
		{84BC1953-685C-4E1C-8042-8549BC0D3BD7}.Debug|Any CPU.Build.0 = Debug|Any CPU
		{84BC1953-685C-4E1C-8042-8549BC0D3BD7}.Release|Any CPU.ActiveCfg = Release|Any CPU
		{84BC1953-685C-4E1C-8042-8549BC0D3BD7}.Release|Any CPU.Build.0 = Release|Any CPU
		{0759D0B7-79D5-4DE5-9144-6743B7A60B5D}.Debug|Any CPU.ActiveCfg = Debug|Any CPU
		{0759D0B7-79D5-4DE5-9144-6743B7A60B5D}.Debug|Any CPU.Build.0 = Debug|Any CPU
		{0759D0B7-79D5-4DE5-9144-6743B7A60B5D}.Release|Any CPU.ActiveCfg = Release|Any CPU
		{0759D0B7-79D5-4DE5-9144-6743B7A60B5D}.Release|Any CPU.Build.0 = Release|Any CPU
	EndGlobalSection
	GlobalSection(SolutionProperties) = preSolution
		HideSolutionNode = FALSE
	EndGlobalSection
	GlobalSection(ExtensibilityGlobals) = postSolution
		SolutionGuid = {092C5BDC-0FEB-4F11-93DB-F139EECC1588}
	EndGlobalSection
EndGlobal
